
Microsoft Visual Studio Solution File, Format Version 12.00
# Visual Studio Version 16
VisualStudioVersion = 16.0.30128.74
MinimumVisualStudioVersion = 10.0.40219.1
Project("{FAE04EC0-301F-11D3-BF4B-00C04F79EFBC}") = "DocumentTabOrdering", "DocumentTabOrdering.csproj", "{27C833E9-8C2F-40DE-9330-517491A009D7}"
EndProject
Global
	GlobalSection(SolutionConfigurationPlatforms) = preSolution
		Debug|Any CPU = Debug|Any CPU
		Release|Any CPU = Release|Any CPU
	EndGlobalSection
	GlobalSection(ProjectConfigurationPlatforms) = postSolution
		{27C833E9-8C2F-40DE-9330-517491A009D7}.Debug|Any CPU.ActiveCfg = Debug|Any CPU
		{27C833E9-8C2F-40DE-9330-517491A009D7}.Debug|Any CPU.Build.0 = Debug|Any CPU
		{27C833E9-8C2F-40DE-9330-517491A009D7}.Release|Any CPU.ActiveCfg = Release|Any CPU
		{27C833E9-8C2F-40DE-9330-517491A009D7}.Release|Any CPU.Build.0 = Release|Any CPU
	EndGlobalSection
	GlobalSection(SolutionProperties) = preSolution
		HideSolutionNode = FALSE
	EndGlobalSection
	GlobalSection(ExtensibilityGlobals) = postSolution
		SolutionGuid = {F9DD4E2B-3DD8-4BEA-93DE-E4B5FB4150C2}
	EndGlobalSection
EndGlobal
