
Microsoft Visual Studio Solution File, Format Version 12.00
# Visual Studio Version 16
VisualStudioVersion = 16.0.30128.74
MinimumVisualStudioVersion = 10.0.40219.1
Project("{FAE04EC0-301F-11D3-BF4B-00C04F79EFBC}") = "TabbedWindowOrdering", "TabbedWindowOrdering.csproj", "{8F588670-1FC5-4434-85F0-6352A273C776}"
EndProject
Global
	GlobalSection(SolutionConfigurationPlatforms) = preSolution
		Debug|Any CPU = Debug|Any CPU
		Release|Any CPU = Release|Any CPU
	EndGlobalSection
	GlobalSection(ProjectConfigurationPlatforms) = postSolution
		{8F588670-1FC5-4434-85F0-6352A273C776}.Debug|Any CPU.ActiveCfg = Debug|Any CPU
		{8F588670-1FC5-4434-85F0-6352A273C776}.Debug|Any CPU.Build.0 = Debug|Any CPU
		{8F588670-1FC5-4434-85F0-6352A273C776}.Release|Any CPU.ActiveCfg = Release|Any CPU
		{8F588670-1FC5-4434-85F0-6352A273C776}.Release|Any CPU.Build.0 = Release|Any CPU
	EndGlobalSection
	GlobalSection(SolutionProperties) = preSolution
		HideSolutionNode = FALSE
	EndGlobalSection
	GlobalSection(ExtensibilityGlobals) = postSolution
		SolutionGuid = {77559D9B-268A-445C-AC32-3898F7CEDA40}
	EndGlobalSection
EndGlobal
