
Microsoft Visual Studio Solution File, Format Version 12.00
# Visual Studio Version 17
VisualStudioVersion = 17.13.35828.75
MinimumVisualStudioVersion = 10.0.40219.1
Project("{FAE04EC0-301F-11D3-BF4B-00C04F79EFBC}") = "WpfApp2", "WpfApp2\WpfApp2.csproj", "{09487682-923B-4B3C-92A8-B5ABDB8CEAB6}"
EndProject
Global
	GlobalSection(SolutionConfigurationPlatforms) = preSolution
		Debug|Any CPU = Debug|Any CPU
		Release|Any CPU = Release|Any CPU
	EndGlobalSection
	GlobalSection(ProjectConfigurationPlatforms) = postSolution
		{09487682-923B-4B3C-92A8-B5ABDB8CEAB6}.Debug|Any CPU.ActiveCfg = Debug|Any CPU
		{09487682-923B-4B3C-92A8-B5ABDB8CEAB6}.Debug|Any CPU.Build.0 = Debug|Any CPU
		{09487682-923B-4B3C-92A8-B5ABDB8CEAB6}.Release|Any CPU.ActiveCfg = Release|Any CPU
		{09487682-923B-4B3C-92A8-B5ABDB8CEAB6}.Release|Any CPU.Build.0 = Release|Any CPU
	EndGlobalSection
	GlobalSection(SolutionProperties) = preSolution
		HideSolutionNode = FALSE
	EndGlobalSection
	GlobalSection(ExtensibilityGlobals) = postSolution
		SolutionGuid = {AC3D2B41-A055-42E3-9751-FF9C13B01145}
	EndGlobalSection
EndGlobal
