
Microsoft Visual Studio Solution File, Format Version 12.00
# Visual Studio Version 17
VisualStudioVersion = 17.10.35027.167
MinimumVisualStudioVersion = 10.0.40219.1
Project("{FAE04EC0-301F-11D3-BF4B-00C04F79EFBC}") = "WpfApp1", "WpfApp1\WpfApp1.csproj", "{DA8D09FD-35D9-4E45-ADEF-0BF75A9D7310}"
EndProject
Global
	GlobalSection(SolutionConfigurationPlatforms) = preSolution
		Debug|Any CPU = Debug|Any CPU
		Debug-Xml|Any CPU = Debug-Xml|Any CPU
		Release|Any CPU = Release|Any CPU
		Release-Xml|Any CPU = Release-Xml|Any CPU
	EndGlobalSection
	GlobalSection(ProjectConfigurationPlatforms) = postSolution
		{DA8D09FD-35D9-4E45-ADEF-0BF75A9D7310}.Debug|Any CPU.ActiveCfg = Debug|Any CPU
		{DA8D09FD-35D9-4E45-ADEF-0BF75A9D7310}.Debug|Any CPU.Build.0 = Debug|Any CPU
		{DA8D09FD-35D9-4E45-ADEF-0BF75A9D7310}.Debug-Xml|Any CPU.ActiveCfg = Debug|Any CPU
		{DA8D09FD-35D9-4E45-ADEF-0BF75A9D7310}.Debug-Xml|Any CPU.Build.0 = Debug|Any CPU
		{DA8D09FD-35D9-4E45-ADEF-0BF75A9D7310}.Release|Any CPU.ActiveCfg = Release|Any CPU
		{DA8D09FD-35D9-4E45-ADEF-0BF75A9D7310}.Release|Any CPU.Build.0 = Release|Any CPU
		{DA8D09FD-35D9-4E45-ADEF-0BF75A9D7310}.Release-Xml|Any CPU.ActiveCfg = Release|Any CPU
		{DA8D09FD-35D9-4E45-ADEF-0BF75A9D7310}.Release-Xml|Any CPU.Build.0 = Release|Any CPU
	EndGlobalSection
	GlobalSection(SolutionProperties) = preSolution
		HideSolutionNode = FALSE
	EndGlobalSection
	GlobalSection(ExtensibilityGlobals) = postSolution
		SolutionGuid = {6BB3FFCF-035F-46D8-8717-E2C90B8F4389}
	EndGlobalSection
EndGlobal
